
Microsoft Visual Studio Solution File, Format Version 12.00
# Visual Studio 2013
VisualStudioVersion = 12.0.30501.0
MinimumVisualStudioVersion = 10.0.40219.1
Project("{FAE04EC0-301F-11D3-BF4B-00C04F79EFBC}") = "LeanerSnow.Core", "LeanerSnow.Core\LeanerSnow.Core.csproj", "{02D69CBC-69DD-461B-BB96-80C2006F8842}"
EndProject
Project("{FAE04EC0-301F-11D3-BF4B-00C04F79EFBC}") = "LeanerSnow.DataAccess", "LeanerSnow.DataAccess\LeanerSnow.DataAccess.csproj", "{B4C2910F-0A63-4CC3-BB13-DC9B6AB07B29}"
EndProject
Project("{FAE04EC0-301F-11D3-BF4B-00C04F79EFBC}") = "LeanerSnow.Logic", "LeanerSnow.Logic\LeanerSnow.Logic.csproj", "{C86654E4-C38B-4ED2-A7CE-E7DBDB523F38}"
EndProject
Project("{FAE04EC0-301F-11D3-BF4B-00C04F79EFBC}") = "LeanerSnow.Web", "LeanerSnow.Web\LeanerSnow.Web.csproj", "{03F4E08C-24B2-40BA-A123-D5D71A19C232}"
EndProject
Global
	GlobalSection(SolutionConfigurationPlatforms) = preSolution
		Debug|Any CPU = Debug|Any CPU
		Release|Any CPU = Release|Any CPU
	EndGlobalSection
	GlobalSection(ProjectConfigurationPlatforms) = postSolution
		{02D69CBC-69DD-461B-BB96-80C2006F8842}.Debug|Any CPU.ActiveCfg = Debug|Any CPU
		{02D69CBC-69DD-461B-BB96-80C2006F8842}.Debug|Any CPU.Build.0 = Debug|Any CPU
		{02D69CBC-69DD-461B-BB96-80C2006F8842}.Release|Any CPU.ActiveCfg = Release|Any CPU
		{02D69CBC-69DD-461B-BB96-80C2006F8842}.Release|Any CPU.Build.0 = Release|Any CPU
		{B4C2910F-0A63-4CC3-BB13-DC9B6AB07B29}.Debug|Any CPU.ActiveCfg = Debug|Any CPU
		{B4C2910F-0A63-4CC3-BB13-DC9B6AB07B29}.Debug|Any CPU.Build.0 = Debug|Any CPU
		{B4C2910F-0A63-4CC3-BB13-DC9B6AB07B29}.Release|Any CPU.ActiveCfg = Release|Any CPU
		{B4C2910F-0A63-4CC3-BB13-DC9B6AB07B29}.Release|Any CPU.Build.0 = Release|Any CPU
		{C86654E4-C38B-4ED2-A7CE-E7DBDB523F38}.Debug|Any CPU.ActiveCfg = Debug|Any CPU
		{C86654E4-C38B-4ED2-A7CE-E7DBDB523F38}.Debug|Any CPU.Build.0 = Debug|Any CPU
		{C86654E4-C38B-4ED2-A7CE-E7DBDB523F38}.Release|Any CPU.ActiveCfg = Release|Any CPU
		{C86654E4-C38B-4ED2-A7CE-E7DBDB523F38}.Release|Any CPU.Build.0 = Release|Any CPU
		{03F4E08C-24B2-40BA-A123-D5D71A19C232}.Debug|Any CPU.ActiveCfg = Debug|Any CPU
		{03F4E08C-24B2-40BA-A123-D5D71A19C232}.Debug|Any CPU.Build.0 = Debug|Any CPU
		{03F4E08C-24B2-40BA-A123-D5D71A19C232}.Release|Any CPU.ActiveCfg = Release|Any CPU
		{03F4E08C-24B2-40BA-A123-D5D71A19C232}.Release|Any CPU.Build.0 = Release|Any CPU
	EndGlobalSection
	GlobalSection(SolutionProperties) = preSolution
		HideSolutionNode = FALSE
	EndGlobalSection
EndGlobal
